// !$*UTF8*$!
{
	archiveVersion = 1;
	classes = {
	};
	objectVersion = 46;
	objects = {

/* Begin PBXBuildFile section */
		20A950CD295D4BD99D563FD3 /* libPods-ProjectMonitorTests.a in Frameworks */ = {isa = PBXBuildFile; fileRef = 2B0FF487CBEA473C8D7D223C /* libPods-ProjectMonitorTests.a */; };
		5E09522A18BADB9500689FBA /* SemaphoreBuildFactory.m in Sources */ = {isa = PBXBuildFile; fileRef = 5E09522918BADB9500689FBA /* SemaphoreBuildFactory.m */; };
		5E09522C18BADDB100689FBA /* SemaphoreBuildFactorySpec.m in Sources */ = {isa = PBXBuildFile; fileRef = 5E09522B18BADDB100689FBA /* SemaphoreBuildFactorySpec.m */; };
		5E3ED1001899F14F00632144 /* Foundation.framework in Frameworks */ = {isa = PBXBuildFile; fileRef = 5E3ED0FF1899F14F00632144 /* Foundation.framework */; };
		5E3ED1021899F14F00632144 /* CoreGraphics.framework in Frameworks */ = {isa = PBXBuildFile; fileRef = 5E3ED1011899F14F00632144 /* CoreGraphics.framework */; };
		5E3ED1041899F14F00632144 /* UIKit.framework in Frameworks */ = {isa = PBXBuildFile; fileRef = 5E3ED1031899F14F00632144 /* UIKit.framework */; };
		5E3ED1061899F14F00632144 /* CoreData.framework in Frameworks */ = {isa = PBXBuildFile; fileRef = 5E3ED1051899F14F00632144 /* CoreData.framework */; };
		5E3ED10C1899F14F00632144 /* InfoPlist.strings in Resources */ = {isa = PBXBuildFile; fileRef = 5E3ED10A1899F14F00632144 /* InfoPlist.strings */; };
		5E3ED10E1899F14F00632144 /* main.m in Sources */ = {isa = PBXBuildFile; fileRef = 5E3ED10D1899F14F00632144 /* main.m */; };
		5E3ED1121899F14F00632144 /* AppDelegate.m in Sources */ = {isa = PBXBuildFile; fileRef = 5E3ED1111899F14F00632144 /* AppDelegate.m */; };
		5E3ED1151899F14F00632144 /* Main_iPhone.storyboard in Resources */ = {isa = PBXBuildFile; fileRef = 5E3ED1131899F14F00632144 /* Main_iPhone.storyboard */; };
		5E3ED11B1899F14F00632144 /* ProjectMonitor.xcdatamodeld in Sources */ = {isa = PBXBuildFile; fileRef = 5E3ED1191899F14F00632144 /* ProjectMonitor.xcdatamodeld */; };
		5E3ED11E1899F14F00632144 /* MasterViewController.m in Sources */ = {isa = PBXBuildFile; fileRef = 5E3ED11D1899F14F00632144 /* MasterViewController.m */; };
		5E3ED1211899F14F00632144 /* DetailViewController.m in Sources */ = {isa = PBXBuildFile; fileRef = 5E3ED1201899F14F00632144 /* DetailViewController.m */; };
		5E3ED1231899F14F00632144 /* Images.xcassets in Resources */ = {isa = PBXBuildFile; fileRef = 5E3ED1221899F14F00632144 /* Images.xcassets */; };
		5E3ED12A1899F15000632144 /* XCTest.framework in Frameworks */ = {isa = PBXBuildFile; fileRef = 5E3ED1291899F15000632144 /* XCTest.framework */; };
		5E3ED12B1899F15000632144 /* Foundation.framework in Frameworks */ = {isa = PBXBuildFile; fileRef = 5E3ED0FF1899F14F00632144 /* Foundation.framework */; };
		5E3ED12C1899F15000632144 /* UIKit.framework in Frameworks */ = {isa = PBXBuildFile; fileRef = 5E3ED1031899F14F00632144 /* UIKit.framework */; };
		5E3ED12D1899F15000632144 /* CoreData.framework in Frameworks */ = {isa = PBXBuildFile; fileRef = 5E3ED1051899F14F00632144 /* CoreData.framework */; };
		5E3ED1351899F15000632144 /* InfoPlist.strings in Resources */ = {isa = PBXBuildFile; fileRef = 5E3ED1331899F15000632144 /* InfoPlist.strings */; };
		5E3ED14B1899F45500632144 /* AudioToolbox.framework in Frameworks */ = {isa = PBXBuildFile; fileRef = 5E3ED1421899F45500632144 /* AudioToolbox.framework */; };
		5E3ED14C1899F45500632144 /* CFNetwork.framework in Frameworks */ = {isa = PBXBuildFile; fileRef = 5E3ED1431899F45500632144 /* CFNetwork.framework */; };
		5E3ED14D1899F45500632144 /* CoreLocation.framework in Frameworks */ = {isa = PBXBuildFile; fileRef = 5E3ED1441899F45500632144 /* CoreLocation.framework */; };
		5E3ED14E1899F45500632144 /* libz.dylib in Frameworks */ = {isa = PBXBuildFile; fileRef = 5E3ED1451899F45500632144 /* libz.dylib */; };
		5E3ED14F1899F45500632144 /* MobileCoreServices.framework in Frameworks */ = {isa = PBXBuildFile; fileRef = 5E3ED1461899F45500632144 /* MobileCoreServices.framework */; };
		5E3ED1501899F45500632144 /* QuartzCore.framework in Frameworks */ = {isa = PBXBuildFile; fileRef = 5E3ED1471899F45500632144 /* QuartzCore.framework */; };
		5E3ED1511899F45500632144 /* Security.framework in Frameworks */ = {isa = PBXBuildFile; fileRef = 5E3ED1481899F45500632144 /* Security.framework */; };
		5E3ED1531899F45500632144 /* SystemConfiguration.framework in Frameworks */ = {isa = PBXBuildFile; fileRef = 5E3ED14A1899F45500632144 /* SystemConfiguration.framework */; };
		5E3ED156189A089E00632144 /* ParseHelper.m in Sources */ = {isa = PBXBuildFile; fileRef = 5E3ED155189A089E00632144 /* ParseHelper.m */; };
		5E74B54E18CCC939001CFB60 /* AddBuildOverlayView.xib in Resources */ = {isa = PBXBuildFile; fileRef = 5E74B54D18CCC939001CFB60 /* AddBuildOverlayView.xib */; };
		5E74B55218CCCFDF001CFB60 /* addABuild.png in Resources */ = {isa = PBXBuildFile; fileRef = 5E74B55118CCCFDE001CFB60 /* addABuild.png */; };
		5E755F9D18B1299500692F5F /* BuildCell.xib in Resources */ = {isa = PBXBuildFile; fileRef = 5E755F9C18B1299500692F5F /* BuildCell.xib */; };
		5E755FA018B2F5D700692F5F /* BlockAlertViewDelegate.m in Sources */ = {isa = PBXBuildFile; fileRef = 5E755F9F18B2F5D700692F5F /* BlockAlertViewDelegate.m */; };
		5E79F1CA18AA4FA0005BF986 /* Source.storyboard in Resources */ = {isa = PBXBuildFile; fileRef = 5E79F1C918AA4FA0005BF986 /* Source.storyboard */; };
		5E79F1D018AA4FBB005BF986 /* Build.m in Sources */ = {isa = PBXBuildFile; fileRef = 5E79F1CC18AA4FBB005BF986 /* Build.m */; };
		5E79F1D118AA4FBB005BF986 /* SourceFactory.m in Sources */ = {isa = PBXBuildFile; fileRef = 5E79F1CF18AA4FBB005BF986 /* SourceFactory.m */; };
		5E79F1D718AA4FD4005BF986 /* SourceViewController.m in Sources */ = {isa = PBXBuildFile; fileRef = 5E79F1D518AA4FD4005BF986 /* SourceViewController.m */; };
		5E79F1DA18AA5085005BF986 /* BuildCell.m in Sources */ = {isa = PBXBuildFile; fileRef = 5E79F1D918AA5085005BF986 /* BuildCell.m */; };
		5E79F1E218AA584A005BF986 /* icon-failed-pending.png in Resources */ = {isa = PBXBuildFile; fileRef = 5E79F1DC18AA584A005BF986 /* icon-failed-pending.png */; };
		5E79F1E318AA584A005BF986 /* icon-failed.png in Resources */ = {isa = PBXBuildFile; fileRef = 5E79F1DD18AA584A005BF986 /* icon-failed.png */; };
		5E79F1E418AA584A005BF986 /* icon-passed-pending.png in Resources */ = {isa = PBXBuildFile; fileRef = 5E79F1DE18AA584A005BF986 /* icon-passed-pending.png */; };
		5E79F1E518AA584A005BF986 /* icon-passed.png in Resources */ = {isa = PBXBuildFile; fileRef = 5E79F1DF18AA584A005BF986 /* icon-passed.png */; };
		5E79F1E618AA584A005BF986 /* icon-pending.png in Resources */ = {isa = PBXBuildFile; fileRef = 5E79F1E018AA584A005BF986 /* icon-pending.png */; };
		5E79F1E718AA584A005BF986 /* icon-undetermined.png in Resources */ = {isa = PBXBuildFile; fileRef = 5E79F1E118AA584A005BF986 /* icon-undetermined.png */; };
		5E79F1EB18AD5702005BF986 /* BuildSpec.m in Sources */ = {isa = PBXBuildFile; fileRef = 5E79F1EA18AD5702005BF986 /* BuildSpec.m */; };
		5E8D8A5418C5FDDF0053E1DC /* Helper.m in Sources */ = {isa = PBXBuildFile; fileRef = 5E8D8A5318C5FDDF0053E1DC /* Helper.m */; };
		5E8D8A5718C600850053E1DC /* BuildsViewController.m in Sources */ = {isa = PBXBuildFile; fileRef = 5E8D8A5618C600850053E1DC /* BuildsViewController.m */; };
		5E8D8A5D18C752590053E1DC /* PrivateTravisBuildFactory.m in Sources */ = {isa = PBXBuildFile; fileRef = 5E8D8A5C18C752590053E1DC /* PrivateTravisBuildFactory.m */; };
		5E8D8A5F18C81BF30053E1DC /* PrivateTravisBuildFactorySpec.m in Sources */ = {isa = PBXBuildFile; fileRef = 5E8D8A5E18C81BF30053E1DC /* PrivateTravisBuildFactorySpec.m */; };
		5E8D8A6418C81E210053E1DC /* travisRepos.json in Resources */ = {isa = PBXBuildFile; fileRef = 5E8D8A6318C81E210053E1DC /* travisRepos.json */; };
		5E8D8A6718C81EE30053E1DC /* TestHelper.m in Sources */ = {isa = PBXBuildFile; fileRef = 5E8D8A6618C81EE30053E1DC /* TestHelper.m */; };
		5E8D8A6A18C83C8B0053E1DC /* BuildFactory.m in Sources */ = {isa = PBXBuildFile; fileRef = 5E8D8A6918C83C8B0053E1DC /* BuildFactory.m */; };
		5E9DD7ED18CB5CA00035F2C4 /* PublicTravisBuildFactory.m in Sources */ = {isa = PBXBuildFile; fileRef = 5E9DD7EC18CB5CA00035F2C4 /* PublicTravisBuildFactory.m */; };
		5E9DD7F018CBA69B0035F2C4 /* BuildCollection.m in Sources */ = {isa = PBXBuildFile; fileRef = 5E9DD7EF18CBA69B0035F2C4 /* BuildCollection.m */; };
		5EBF47D018A69E4C00175065 /* ParseUITableViewController.m in Sources */ = {isa = PBXBuildFile; fileRef = 5EBF47CF18A69E4C00175065 /* ParseUITableViewController.m */; };
		5EBF47DD18A6A3A600175065 /* ProjectMonitorSignUpViewController.m in Sources */ = {isa = PBXBuildFile; fileRef = 5EBF47DC18A6A3A600175065 /* ProjectMonitorSignUpViewController.m */; };
		5EBF47E018A6A41000175065 /* ProjectMonitorLogInViewController.m in Sources */ = {isa = PBXBuildFile; fileRef = 5EBF47DF18A6A41000175065 /* ProjectMonitorLogInViewController.m */; };
		5EBF47E318A6AE7E00175065 /* AddBuildViewController.m in Sources */ = {isa = PBXBuildFile; fileRef = 5EBF47E218A6AE7E00175065 /* AddBuildViewController.m */; };
		5ED0A996189EC75100A56A27 /* Credentials.plist in Resources */ = {isa = PBXBuildFile; fileRef = 5ED0A995189EC75100A56A27 /* Credentials.plist */; };
		5ED0A998189EC81000A56A27 /* Credentials.example.plist in Resources */ = {isa = PBXBuildFile; fileRef = 5ED0A997189EC81000A56A27 /* Credentials.example.plist */; };
		A808C67AAD954B00B7CCF868 /* libPods-ProjectMonitor.a in Frameworks */ = {isa = PBXBuildFile; fileRef = 841A53FDA145460EA60ED4BF /* libPods-ProjectMonitor.a */; };
/* End PBXBuildFile section */

/* Begin PBXContainerItemProxy section */
		5E3ED12E1899F15000632144 /* PBXContainerItemProxy */ = {
			isa = PBXContainerItemProxy;
			containerPortal = 5E3ED0F41899F14F00632144 /* Project object */;
			proxyType = 1;
			remoteGlobalIDString = 5E3ED0FB1899F14F00632144;
			remoteInfo = ProjectMonitor;
		};
/* End PBXContainerItemProxy section */

/* Begin PBXFileReference section */
		2B0FF487CBEA473C8D7D223C /* libPods-ProjectMonitorTests.a */ = {isa = PBXFileReference; explicitFileType = archive.ar; includeInIndex = 0; path = "libPods-ProjectMonitorTests.a"; sourceTree = BUILT_PRODUCTS_DIR; };
		4DC397F864E74853B41B48C1 /* Pods-ProjectMonitor.xcconfig */ = {isa = PBXFileReference; includeInIndex = 1; lastKnownFileType = text.xcconfig; name = "Pods-ProjectMonitor.xcconfig"; path = "Pods/Pods-ProjectMonitor.xcconfig"; sourceTree = "<group>"; };
		5E09522818BADB9500689FBA /* SemaphoreBuildFactory.h */ = {isa = PBXFileReference; fileEncoding = 4; lastKnownFileType = sourcecode.c.h; path = SemaphoreBuildFactory.h; sourceTree = "<group>"; };
		5E09522918BADB9500689FBA /* SemaphoreBuildFactory.m */ = {isa = PBXFileReference; fileEncoding = 4; lastKnownFileType = sourcecode.c.objc; path = SemaphoreBuildFactory.m; sourceTree = "<group>"; };
		5E09522B18BADDB100689FBA /* SemaphoreBuildFactorySpec.m */ = {isa = PBXFileReference; fileEncoding = 4; lastKnownFileType = sourcecode.c.objc; path = SemaphoreBuildFactorySpec.m; sourceTree = "<group>"; };
		5E3ED0FC1899F14F00632144 /* ProjectMonitor.app */ = {isa = PBXFileReference; explicitFileType = wrapper.application; includeInIndex = 0; path = ProjectMonitor.app; sourceTree = BUILT_PRODUCTS_DIR; };
		5E3ED0FF1899F14F00632144 /* Foundation.framework */ = {isa = PBXFileReference; lastKnownFileType = wrapper.framework; name = Foundation.framework; path = System/Library/Frameworks/Foundation.framework; sourceTree = SDKROOT; };
		5E3ED1011899F14F00632144 /* CoreGraphics.framework */ = {isa = PBXFileReference; lastKnownFileType = wrapper.framework; name = CoreGraphics.framework; path = System/Library/Frameworks/CoreGraphics.framework; sourceTree = SDKROOT; };
		5E3ED1031899F14F00632144 /* UIKit.framework */ = {isa = PBXFileReference; lastKnownFileType = wrapper.framework; name = UIKit.framework; path = System/Library/Frameworks/UIKit.framework; sourceTree = SDKROOT; };
		5E3ED1051899F14F00632144 /* CoreData.framework */ = {isa = PBXFileReference; lastKnownFileType = wrapper.framework; name = CoreData.framework; path = System/Library/Frameworks/CoreData.framework; sourceTree = SDKROOT; };
		5E3ED1091899F14F00632144 /* ProjectMonitor-Info.plist */ = {isa = PBXFileReference; lastKnownFileType = text.plist.xml; path = "ProjectMonitor-Info.plist"; sourceTree = "<group>"; };
		5E3ED10B1899F14F00632144 /* en */ = {isa = PBXFileReference; lastKnownFileType = text.plist.strings; name = en; path = en.lproj/InfoPlist.strings; sourceTree = "<group>"; };
		5E3ED10D1899F14F00632144 /* main.m */ = {isa = PBXFileReference; lastKnownFileType = sourcecode.c.objc; path = main.m; sourceTree = "<group>"; };
		5E3ED10F1899F14F00632144 /* ProjectMonitor-Prefix.pch */ = {isa = PBXFileReference; lastKnownFileType = sourcecode.c.h; path = "ProjectMonitor-Prefix.pch"; sourceTree = "<group>"; };
		5E3ED1101899F14F00632144 /* AppDelegate.h */ = {isa = PBXFileReference; lastKnownFileType = sourcecode.c.h; path = AppDelegate.h; sourceTree = "<group>"; };
		5E3ED1111899F14F00632144 /* AppDelegate.m */ = {isa = PBXFileReference; lastKnownFileType = sourcecode.c.objc; path = AppDelegate.m; sourceTree = "<group>"; };
		5E3ED1141899F14F00632144 /* Base */ = {isa = PBXFileReference; lastKnownFileType = file.storyboard; name = Base; path = Base.lproj/Main_iPhone.storyboard; sourceTree = "<group>"; };
		5E3ED11A1899F14F00632144 /* ProjectMonitor.xcdatamodel */ = {isa = PBXFileReference; lastKnownFileType = wrapper.xcdatamodel; path = ProjectMonitor.xcdatamodel; sourceTree = "<group>"; };
		5E3ED11C1899F14F00632144 /* MasterViewController.h */ = {isa = PBXFileReference; lastKnownFileType = sourcecode.c.h; path = MasterViewController.h; sourceTree = "<group>"; };
		5E3ED11D1899F14F00632144 /* MasterViewController.m */ = {isa = PBXFileReference; lastKnownFileType = sourcecode.c.objc; path = MasterViewController.m; sourceTree = "<group>"; };
		5E3ED11F1899F14F00632144 /* DetailViewController.h */ = {isa = PBXFileReference; lastKnownFileType = sourcecode.c.h; path = DetailViewController.h; sourceTree = "<group>"; };
		5E3ED1201899F14F00632144 /* DetailViewController.m */ = {isa = PBXFileReference; lastKnownFileType = sourcecode.c.objc; path = DetailViewController.m; sourceTree = "<group>"; };
		5E3ED1221899F14F00632144 /* Images.xcassets */ = {isa = PBXFileReference; lastKnownFileType = folder.assetcatalog; path = Images.xcassets; sourceTree = "<group>"; };
		5E3ED1281899F15000632144 /* ProjectMonitorTests.xctest */ = {isa = PBXFileReference; explicitFileType = wrapper.cfbundle; includeInIndex = 0; path = ProjectMonitorTests.xctest; sourceTree = BUILT_PRODUCTS_DIR; };
		5E3ED1291899F15000632144 /* XCTest.framework */ = {isa = PBXFileReference; lastKnownFileType = wrapper.framework; name = XCTest.framework; path = Library/Frameworks/XCTest.framework; sourceTree = DEVELOPER_DIR; };
		5E3ED1321899F15000632144 /* ProjectMonitorTests-Info.plist */ = {isa = PBXFileReference; lastKnownFileType = text.plist.xml; path = "ProjectMonitorTests-Info.plist"; sourceTree = "<group>"; };
		5E3ED1341899F15000632144 /* en */ = {isa = PBXFileReference; lastKnownFileType = text.plist.strings; name = en; path = en.lproj/InfoPlist.strings; sourceTree = "<group>"; };
		5E3ED1421899F45500632144 /* AudioToolbox.framework */ = {isa = PBXFileReference; lastKnownFileType = wrapper.framework; name = AudioToolbox.framework; path = System/Library/Frameworks/AudioToolbox.framework; sourceTree = SDKROOT; };
		5E3ED1431899F45500632144 /* CFNetwork.framework */ = {isa = PBXFileReference; lastKnownFileType = wrapper.framework; name = CFNetwork.framework; path = System/Library/Frameworks/CFNetwork.framework; sourceTree = SDKROOT; };
		5E3ED1441899F45500632144 /* CoreLocation.framework */ = {isa = PBXFileReference; lastKnownFileType = wrapper.framework; name = CoreLocation.framework; path = System/Library/Frameworks/CoreLocation.framework; sourceTree = SDKROOT; };
		5E3ED1451899F45500632144 /* libz.dylib */ = {isa = PBXFileReference; lastKnownFileType = "compiled.mach-o.dylib"; name = libz.dylib; path = usr/lib/libz.dylib; sourceTree = SDKROOT; };
		5E3ED1461899F45500632144 /* MobileCoreServices.framework */ = {isa = PBXFileReference; lastKnownFileType = wrapper.framework; name = MobileCoreServices.framework; path = System/Library/Frameworks/MobileCoreServices.framework; sourceTree = SDKROOT; };
		5E3ED1471899F45500632144 /* QuartzCore.framework */ = {isa = PBXFileReference; lastKnownFileType = wrapper.framework; name = QuartzCore.framework; path = System/Library/Frameworks/QuartzCore.framework; sourceTree = SDKROOT; };
		5E3ED1481899F45500632144 /* Security.framework */ = {isa = PBXFileReference; lastKnownFileType = wrapper.framework; name = Security.framework; path = System/Library/Frameworks/Security.framework; sourceTree = SDKROOT; };
		5E3ED14A1899F45500632144 /* SystemConfiguration.framework */ = {isa = PBXFileReference; lastKnownFileType = wrapper.framework; name = SystemConfiguration.framework; path = System/Library/Frameworks/SystemConfiguration.framework; sourceTree = SDKROOT; };
		5E3ED154189A089E00632144 /* ParseHelper.h */ = {isa = PBXFileReference; fileEncoding = 4; lastKnownFileType = sourcecode.c.h; path = ParseHelper.h; sourceTree = "<group>"; };
		5E3ED155189A089E00632144 /* ParseHelper.m */ = {isa = PBXFileReference; fileEncoding = 4; lastKnownFileType = sourcecode.c.objc; path = ParseHelper.m; sourceTree = "<group>"; };
		5E74B54D18CCC939001CFB60 /* AddBuildOverlayView.xib */ = {isa = PBXFileReference; fileEncoding = 4; lastKnownFileType = file.xib; path = AddBuildOverlayView.xib; sourceTree = "<group>"; };
		5E74B55118CCCFDE001CFB60 /* addABuild.png */ = {isa = PBXFileReference; lastKnownFileType = image.png; path = addABuild.png; sourceTree = "<group>"; };
		5E755F9C18B1299500692F5F /* BuildCell.xib */ = {isa = PBXFileReference; fileEncoding = 4; lastKnownFileType = file.xib; path = BuildCell.xib; sourceTree = "<group>"; };
		5E755F9E18B2F5D700692F5F /* BlockAlertViewDelegate.h */ = {isa = PBXFileReference; fileEncoding = 4; lastKnownFileType = sourcecode.c.h; path = BlockAlertViewDelegate.h; sourceTree = "<group>"; };
		5E755F9F18B2F5D700692F5F /* BlockAlertViewDelegate.m */ = {isa = PBXFileReference; fileEncoding = 4; lastKnownFileType = sourcecode.c.objc; path = BlockAlertViewDelegate.m; sourceTree = "<group>"; };
		5E79F1C918AA4FA0005BF986 /* Source.storyboard */ = {isa = PBXFileReference; fileEncoding = 4; lastKnownFileType = file.storyboard; path = Source.storyboard; sourceTree = "<group>"; };
		5E79F1CB18AA4FBB005BF986 /* Build.h */ = {isa = PBXFileReference; fileEncoding = 4; lastKnownFileType = sourcecode.c.h; path = Build.h; sourceTree = "<group>"; };
		5E79F1CC18AA4FBB005BF986 /* Build.m */ = {isa = PBXFileReference; fileEncoding = 4; lastKnownFileType = sourcecode.c.objc; path = Build.m; sourceTree = "<group>"; };
		5E79F1CD18AA4FBB005BF986 /* Source.h */ = {isa = PBXFileReference; fileEncoding = 4; lastKnownFileType = sourcecode.c.h; path = Source.h; sourceTree = "<group>"; };
		5E79F1CE18AA4FBB005BF986 /* SourceFactory.h */ = {isa = PBXFileReference; fileEncoding = 4; lastKnownFileType = sourcecode.c.h; path = SourceFactory.h; sourceTree = "<group>"; };
		5E79F1CF18AA4FBB005BF986 /* SourceFactory.m */ = {isa = PBXFileReference; fileEncoding = 4; lastKnownFileType = sourcecode.c.objc; path = SourceFactory.m; sourceTree = "<group>"; };
		5E79F1D418AA4FD4005BF986 /* SourceViewController.h */ = {isa = PBXFileReference; fileEncoding = 4; lastKnownFileType = sourcecode.c.h; path = SourceViewController.h; sourceTree = "<group>"; };
		5E79F1D518AA4FD4005BF986 /* SourceViewController.m */ = {isa = PBXFileReference; fileEncoding = 4; lastKnownFileType = sourcecode.c.objc; path = SourceViewController.m; sourceTree = "<group>"; };
		5E79F1D818AA5085005BF986 /* BuildCell.h */ = {isa = PBXFileReference; fileEncoding = 4; lastKnownFileType = sourcecode.c.h; path = BuildCell.h; sourceTree = "<group>"; };
		5E79F1D918AA5085005BF986 /* BuildCell.m */ = {isa = PBXFileReference; fileEncoding = 4; lastKnownFileType = sourcecode.c.objc; path = BuildCell.m; sourceTree = "<group>"; };
		5E79F1DC18AA584A005BF986 /* icon-failed-pending.png */ = {isa = PBXFileReference; lastKnownFileType = image.png; name = "icon-failed-pending.png"; path = "Images/icon-failed-pending.png"; sourceTree = "<group>"; };
		5E79F1DD18AA584A005BF986 /* icon-failed.png */ = {isa = PBXFileReference; lastKnownFileType = image.png; name = "icon-failed.png"; path = "Images/icon-failed.png"; sourceTree = "<group>"; };
		5E79F1DE18AA584A005BF986 /* icon-passed-pending.png */ = {isa = PBXFileReference; lastKnownFileType = image.png; name = "icon-passed-pending.png"; path = "Images/icon-passed-pending.png"; sourceTree = "<group>"; };
		5E79F1DF18AA584A005BF986 /* icon-passed.png */ = {isa = PBXFileReference; lastKnownFileType = image.png; name = "icon-passed.png"; path = "Images/icon-passed.png"; sourceTree = "<group>"; };
		5E79F1E018AA584A005BF986 /* icon-pending.png */ = {isa = PBXFileReference; lastKnownFileType = image.png; name = "icon-pending.png"; path = "Images/icon-pending.png"; sourceTree = "<group>"; };
		5E79F1E118AA584A005BF986 /* icon-undetermined.png */ = {isa = PBXFileReference; lastKnownFileType = image.png; name = "icon-undetermined.png"; path = "Images/icon-undetermined.png"; sourceTree = "<group>"; };
		5E79F1EA18AD5702005BF986 /* BuildSpec.m */ = {isa = PBXFileReference; fileEncoding = 4; lastKnownFileType = sourcecode.c.objc; path = BuildSpec.m; sourceTree = "<group>"; };
		5E8D8A5218C5FDDF0053E1DC /* Helper.h */ = {isa = PBXFileReference; fileEncoding = 4; lastKnownFileType = sourcecode.c.h; path = Helper.h; sourceTree = "<group>"; };
		5E8D8A5318C5FDDF0053E1DC /* Helper.m */ = {isa = PBXFileReference; fileEncoding = 4; lastKnownFileType = sourcecode.c.objc; path = Helper.m; sourceTree = "<group>"; };
		5E8D8A5518C600850053E1DC /* BuildsViewController.h */ = {isa = PBXFileReference; fileEncoding = 4; lastKnownFileType = sourcecode.c.h; path = BuildsViewController.h; sourceTree = "<group>"; };
		5E8D8A5618C600850053E1DC /* BuildsViewController.m */ = {isa = PBXFileReference; fileEncoding = 4; lastKnownFileType = sourcecode.c.objc; path = BuildsViewController.m; sourceTree = "<group>"; };
		5E8D8A5B18C752590053E1DC /* PrivateTravisBuildFactory.h */ = {isa = PBXFileReference; fileEncoding = 4; lastKnownFileType = sourcecode.c.h; path = PrivateTravisBuildFactory.h; sourceTree = "<group>"; };
		5E8D8A5C18C752590053E1DC /* PrivateTravisBuildFactory.m */ = {isa = PBXFileReference; fileEncoding = 4; lastKnownFileType = sourcecode.c.objc; path = PrivateTravisBuildFactory.m; sourceTree = "<group>"; };
		5E8D8A5E18C81BF30053E1DC /* PrivateTravisBuildFactorySpec.m */ = {isa = PBXFileReference; fileEncoding = 4; lastKnownFileType = sourcecode.c.objc; path = PrivateTravisBuildFactorySpec.m; sourceTree = "<group>"; };
		5E8D8A6318C81E210053E1DC /* travisRepos.json */ = {isa = PBXFileReference; fileEncoding = 4; lastKnownFileType = text.json; path = travisRepos.json; sourceTree = "<group>"; };
		5E8D8A6518C81EE30053E1DC /* TestHelper.h */ = {isa = PBXFileReference; fileEncoding = 4; lastKnownFileType = sourcecode.c.h; path = TestHelper.h; sourceTree = "<group>"; };
		5E8D8A6618C81EE30053E1DC /* TestHelper.m */ = {isa = PBXFileReference; fileEncoding = 4; lastKnownFileType = sourcecode.c.objc; path = TestHelper.m; sourceTree = "<group>"; };
		5E8D8A6818C83C8B0053E1DC /* BuildFactory.h */ = {isa = PBXFileReference; fileEncoding = 4; lastKnownFileType = sourcecode.c.h; path = BuildFactory.h; sourceTree = "<group>"; };
		5E8D8A6918C83C8B0053E1DC /* BuildFactory.m */ = {isa = PBXFileReference; fileEncoding = 4; lastKnownFileType = sourcecode.c.objc; path = BuildFactory.m; sourceTree = "<group>"; };
		5E9DD7EB18CB5CA00035F2C4 /* PublicTravisBuildFactory.h */ = {isa = PBXFileReference; fileEncoding = 4; lastKnownFileType = sourcecode.c.h; path = PublicTravisBuildFactory.h; sourceTree = "<group>"; };
		5E9DD7EC18CB5CA00035F2C4 /* PublicTravisBuildFactory.m */ = {isa = PBXFileReference; fileEncoding = 4; lastKnownFileType = sourcecode.c.objc; path = PublicTravisBuildFactory.m; sourceTree = "<group>"; };
		5E9DD7EE18CBA69B0035F2C4 /* BuildCollection.h */ = {isa = PBXFileReference; fileEncoding = 4; lastKnownFileType = sourcecode.c.h; path = BuildCollection.h; sourceTree = "<group>"; };
		5E9DD7EF18CBA69B0035F2C4 /* BuildCollection.m */ = {isa = PBXFileReference; fileEncoding = 4; lastKnownFileType = sourcecode.c.objc; path = BuildCollection.m; sourceTree = "<group>"; };
		5EBF47CE18A69E4C00175065 /* ParseUITableViewController.h */ = {isa = PBXFileReference; fileEncoding = 4; lastKnownFileType = sourcecode.c.h; path = ParseUITableViewController.h; sourceTree = "<group>"; };
		5EBF47CF18A69E4C00175065 /* ParseUITableViewController.m */ = {isa = PBXFileReference; fileEncoding = 4; lastKnownFileType = sourcecode.c.objc; path = ParseUITableViewController.m; sourceTree = "<group>"; };
		5EBF47DB18A6A3A600175065 /* ProjectMonitorSignUpViewController.h */ = {isa = PBXFileReference; fileEncoding = 4; lastKnownFileType = sourcecode.c.h; path = ProjectMonitorSignUpViewController.h; sourceTree = "<group>"; };
		5EBF47DC18A6A3A600175065 /* ProjectMonitorSignUpViewController.m */ = {isa = PBXFileReference; fileEncoding = 4; lastKnownFileType = sourcecode.c.objc; path = ProjectMonitorSignUpViewController.m; sourceTree = "<group>"; };
		5EBF47DE18A6A41000175065 /* ProjectMonitorLogInViewController.h */ = {isa = PBXFileReference; fileEncoding = 4; lastKnownFileType = sourcecode.c.h; path = ProjectMonitorLogInViewController.h; sourceTree = "<group>"; };
		5EBF47DF18A6A41000175065 /* ProjectMonitorLogInViewController.m */ = {isa = PBXFileReference; fileEncoding = 4; lastKnownFileType = sourcecode.c.objc; path = ProjectMonitorLogInViewController.m; sourceTree = "<group>"; };
		5EBF47E118A6AE7E00175065 /* AddBuildViewController.h */ = {isa = PBXFileReference; fileEncoding = 4; lastKnownFileType = sourcecode.c.h; path = AddBuildViewController.h; sourceTree = "<group>"; };
		5EBF47E218A6AE7E00175065 /* AddBuildViewController.m */ = {isa = PBXFileReference; fileEncoding = 4; lastKnownFileType = sourcecode.c.objc; path = AddBuildViewController.m; sourceTree = "<group>"; };
		5ED0A995189EC75100A56A27 /* Credentials.plist */ = {isa = PBXFileReference; fileEncoding = 4; lastKnownFileType = text.plist.xml; path = Credentials.plist; sourceTree = "<group>"; };
		5ED0A997189EC81000A56A27 /* Credentials.example.plist */ = {isa = PBXFileReference; fileEncoding = 4; lastKnownFileType = text.plist.xml; path = Credentials.example.plist; sourceTree = "<group>"; };
		841A53FDA145460EA60ED4BF /* libPods-ProjectMonitor.a */ = {isa = PBXFileReference; explicitFileType = archive.ar; includeInIndex = 0; path = "libPods-ProjectMonitor.a"; sourceTree = BUILT_PRODUCTS_DIR; };
/* End PBXFileReference section */

/* Begin PBXFrameworksBuildPhase section */
		5E3ED0F91899F14F00632144 /* Frameworks */ = {
			isa = PBXFrameworksBuildPhase;
			buildActionMask = 2147483647;
			files = (
				5E3ED14B1899F45500632144 /* AudioToolbox.framework in Frameworks */,
				5E3ED14C1899F45500632144 /* CFNetwork.framework in Frameworks */,
				5E3ED14D1899F45500632144 /* CoreLocation.framework in Frameworks */,
				5E3ED14E1899F45500632144 /* libz.dylib in Frameworks */,
				5E3ED14F1899F45500632144 /* MobileCoreServices.framework in Frameworks */,
				5E3ED1501899F45500632144 /* QuartzCore.framework in Frameworks */,
				5E3ED1511899F45500632144 /* Security.framework in Frameworks */,
				5E3ED1531899F45500632144 /* SystemConfiguration.framework in Frameworks */,
				5E3ED1021899F14F00632144 /* CoreGraphics.framework in Frameworks */,
				5E3ED1061899F14F00632144 /* CoreData.framework in Frameworks */,
				5E3ED1041899F14F00632144 /* UIKit.framework in Frameworks */,
				5E3ED1001899F14F00632144 /* Foundation.framework in Frameworks */,
				A808C67AAD954B00B7CCF868 /* libPods-ProjectMonitor.a in Frameworks */,
			);
			runOnlyForDeploymentPostprocessing = 0;
		};
		5E3ED1251899F15000632144 /* Frameworks */ = {
			isa = PBXFrameworksBuildPhase;
			buildActionMask = 2147483647;
			files = (
				5E3ED12A1899F15000632144 /* XCTest.framework in Frameworks */,
				5E3ED12D1899F15000632144 /* CoreData.framework in Frameworks */,
				5E3ED12C1899F15000632144 /* UIKit.framework in Frameworks */,
				5E3ED12B1899F15000632144 /* Foundation.framework in Frameworks */,
				20A950CD295D4BD99D563FD3 /* libPods-ProjectMonitorTests.a in Frameworks */,
			);
			runOnlyForDeploymentPostprocessing = 0;
		};
/* End PBXFrameworksBuildPhase section */

/* Begin PBXGroup section */
		5E3ED0F31899F14F00632144 = {
			isa = PBXGroup;
			children = (
				5E3ED0FE1899F14F00632144 /* Frameworks */,
				5E3ED0FD1899F14F00632144 /* Products */,
				5E3ED1071899F14F00632144 /* ProjectMonitor */,
				5E3ED1301899F15000632144 /* ProjectMonitorTests */,
				4DC397F864E74853B41B48C1 /* Pods-ProjectMonitor.xcconfig */,
			);
			sourceTree = "<group>";
		};
		5E3ED0FD1899F14F00632144 /* Products */ = {
			isa = PBXGroup;
			children = (
				5E3ED0FC1899F14F00632144 /* ProjectMonitor.app */,
				5E3ED1281899F15000632144 /* ProjectMonitorTests.xctest */,
			);
			name = Products;
			sourceTree = "<group>";
		};
		5E3ED0FE1899F14F00632144 /* Frameworks */ = {
			isa = PBXGroup;
			children = (
				5E3ED1421899F45500632144 /* AudioToolbox.framework */,
				5E3ED1431899F45500632144 /* CFNetwork.framework */,
				5E3ED1441899F45500632144 /* CoreLocation.framework */,
				5E3ED1451899F45500632144 /* libz.dylib */,
				5E3ED1461899F45500632144 /* MobileCoreServices.framework */,
				5E3ED1471899F45500632144 /* QuartzCore.framework */,
				5E3ED1481899F45500632144 /* Security.framework */,
				5E3ED14A1899F45500632144 /* SystemConfiguration.framework */,
				5E3ED0FF1899F14F00632144 /* Foundation.framework */,
				5E3ED1011899F14F00632144 /* CoreGraphics.framework */,
				5E3ED1031899F14F00632144 /* UIKit.framework */,
				5E3ED1051899F14F00632144 /* CoreData.framework */,
				5E3ED1291899F15000632144 /* XCTest.framework */,
				2B0FF487CBEA473C8D7D223C /* libPods-ProjectMonitorTests.a */,
				841A53FDA145460EA60ED4BF /* libPods-ProjectMonitor.a */,
			);
			name = Frameworks;
			sourceTree = "<group>";
		};
		5E3ED1071899F14F00632144 /* ProjectMonitor */ = {
			isa = PBXGroup;
			children = (
				5E8D8A5118C5FDC30053E1DC /* Misc */,
				5E79F1C718AA4B52005BF986 /* Controllers */,
				5E79F1C218A9A4DD005BF986 /* Models */,
				5E79F1C618AA4B4B005BF986 /* Views */,
				5EBF47DA18A6A37300175065 /* Parse */,
				5E79F1C818AA4B82005BF986 /* User Interface */,
				5E3ED1191899F14F00632144 /* ProjectMonitor.xcdatamodeld */,
				5E3ED1081899F14F00632144 /* Supporting Files */,
			);
			path = ProjectMonitor;
			sourceTree = "<group>";
		};
		5E3ED1081899F14F00632144 /* Supporting Files */ = {
			isa = PBXGroup;
			children = (
				5E3ED1091899F14F00632144 /* ProjectMonitor-Info.plist */,
				5E3ED10A1899F14F00632144 /* InfoPlist.strings */,
				5E3ED10D1899F14F00632144 /* main.m */,
				5E3ED10F1899F14F00632144 /* ProjectMonitor-Prefix.pch */,
				5ED0A995189EC75100A56A27 /* Credentials.plist */,
				5ED0A997189EC81000A56A27 /* Credentials.example.plist */,
			);
			name = "Supporting Files";
			sourceTree = "<group>";
		};
		5E3ED1301899F15000632144 /* ProjectMonitorTests */ = {
			isa = PBXGroup;
			children = (
				5E8D8A6518C81EE30053E1DC /* TestHelper.h */,
				5E79F1EA18AD5702005BF986 /* BuildSpec.m */,
				5E09522B18BADDB100689FBA /* SemaphoreBuildFactorySpec.m */,
				5E8D8A6618C81EE30053E1DC /* TestHelper.m */,
				5E8D8A5E18C81BF30053E1DC /* PrivateTravisBuildFactorySpec.m */,
				5E8D8A6218C81DED0053E1DC /* Fixtures */,
				5E3ED1311899F15000632144 /* Supporting Files */,
			);
			path = ProjectMonitorTests;
			sourceTree = "<group>";
		};
		5E3ED1311899F15000632144 /* Supporting Files */ = {
			isa = PBXGroup;
			children = (
				5E3ED1321899F15000632144 /* ProjectMonitorTests-Info.plist */,
				5E3ED1331899F15000632144 /* InfoPlist.strings */,
			);
			name = "Supporting Files";
			sourceTree = "<group>";
		};
		5E79F1C218A9A4DD005BF986 /* Models */ = {
			isa = PBXGroup;
			children = (
				5E79F1CB18AA4FBB005BF986 /* Build.h */,
				5E79F1CC18AA4FBB005BF986 /* Build.m */,
				5E79F1CD18AA4FBB005BF986 /* Source.h */,
				5E79F1CE18AA4FBB005BF986 /* SourceFactory.h */,
				5E79F1CF18AA4FBB005BF986 /* SourceFactory.m */,
				5E09522818BADB9500689FBA /* SemaphoreBuildFactory.h */,
				5E09522918BADB9500689FBA /* SemaphoreBuildFactory.m */,
				5E8D8A5B18C752590053E1DC /* PrivateTravisBuildFactory.h */,
				5E8D8A5C18C752590053E1DC /* PrivateTravisBuildFactory.m */,
				5E8D8A6818C83C8B0053E1DC /* BuildFactory.h */,
				5E8D8A6918C83C8B0053E1DC /* BuildFactory.m */,
				5E9DD7EB18CB5CA00035F2C4 /* PublicTravisBuildFactory.h */,
				5E9DD7EC18CB5CA00035F2C4 /* PublicTravisBuildFactory.m */,
				5E9DD7EE18CBA69B0035F2C4 /* BuildCollection.h */,
				5E9DD7EF18CBA69B0035F2C4 /* BuildCollection.m */,
			);
			name = Models;
			sourceTree = "<group>";
		};
		5E79F1C618AA4B4B005BF986 /* Views */ = {
			isa = PBXGroup;
			children = (
				5E79F1D818AA5085005BF986 /* BuildCell.h */,
				5E79F1D918AA5085005BF986 /* BuildCell.m */,
				5E755F9E18B2F5D700692F5F /* BlockAlertViewDelegate.h */,
				5E755F9F18B2F5D700692F5F /* BlockAlertViewDelegate.m */,
			);
			name = Views;
			sourceTree = "<group>";
		};
		5E79F1C718AA4B52005BF986 /* Controllers */ = {
			isa = PBXGroup;
			children = (
				5EBF47E118A6AE7E00175065 /* AddBuildViewController.h */,
				5EBF47E218A6AE7E00175065 /* AddBuildViewController.m */,
				5E3ED1101899F14F00632144 /* AppDelegate.h */,
				5E3ED1111899F14F00632144 /* AppDelegate.m */,
				5E3ED11F1899F14F00632144 /* DetailViewController.h */,
				5E3ED1201899F14F00632144 /* DetailViewController.m */,
				5E3ED11C1899F14F00632144 /* MasterViewController.h */,
				5E3ED11D1899F14F00632144 /* MasterViewController.m */,
				5E79F1D418AA4FD4005BF986 /* SourceViewController.h */,
				5E79F1D518AA4FD4005BF986 /* SourceViewController.m */,
				5E8D8A5518C600850053E1DC /* BuildsViewController.h */,
				5E8D8A5618C600850053E1DC /* BuildsViewController.m */,
			);
			name = Controllers;
			sourceTree = "<group>";
		};
		5E79F1C818AA4B82005BF986 /* User Interface */ = {
			isa = PBXGroup;
			children = (
				5E755F9C18B1299500692F5F /* BuildCell.xib */,
				5E79F1DB18AA543D005BF986 /* Images */,
				5E3ED1221899F14F00632144 /* Images.xcassets */,
				5E3ED1131899F14F00632144 /* Main_iPhone.storyboard */,
				5E79F1C918AA4FA0005BF986 /* Source.storyboard */,
				5E74B54D18CCC939001CFB60 /* AddBuildOverlayView.xib */,
			);
			name = "User Interface";
			sourceTree = "<group>";
		};
		5E79F1DB18AA543D005BF986 /* Images */ = {
			isa = PBXGroup;
			children = (
				5E74B55118CCCFDE001CFB60 /* addABuild.png */,
				5E79F1DC18AA584A005BF986 /* icon-failed-pending.png */,
				5E79F1DD18AA584A005BF986 /* icon-failed.png */,
				5E79F1DE18AA584A005BF986 /* icon-passed-pending.png */,
				5E79F1DF18AA584A005BF986 /* icon-passed.png */,
				5E79F1E018AA584A005BF986 /* icon-pending.png */,
				5E79F1E118AA584A005BF986 /* icon-undetermined.png */,
			);
			name = Images;
			sourceTree = "<group>";
		};
		5E8D8A5118C5FDC30053E1DC /* Misc */ = {
			isa = PBXGroup;
			children = (
				5E8D8A5218C5FDDF0053E1DC /* Helper.h */,
				5E8D8A5318C5FDDF0053E1DC /* Helper.m */,
			);
			name = Misc;
			sourceTree = "<group>";
		};
		5E8D8A6218C81DED0053E1DC /* Fixtures */ = {
			isa = PBXGroup;
			children = (
				5E8D8A6318C81E210053E1DC /* travisRepos.json */,
			);
			name = Fixtures;
			sourceTree = "<group>";
		};
		5EBF47DA18A6A37300175065 /* Parse */ = {
			isa = PBXGroup;
			children = (
				5E3ED154189A089E00632144 /* ParseHelper.h */,
				5E3ED155189A089E00632144 /* ParseHelper.m */,
				5EBF47CE18A69E4C00175065 /* ParseUITableViewController.h */,
				5EBF47CF18A69E4C00175065 /* ParseUITableViewController.m */,
				5EBF47DE18A6A41000175065 /* ProjectMonitorLogInViewController.h */,
				5EBF47DF18A6A41000175065 /* ProjectMonitorLogInViewController.m */,
				5EBF47DB18A6A3A600175065 /* ProjectMonitorSignUpViewController.h */,
				5EBF47DC18A6A3A600175065 /* ProjectMonitorSignUpViewController.m */,
			);
			name = Parse;
			sourceTree = "<group>";
		};
/* End PBXGroup section */

/* Begin PBXNativeTarget section */
		5E3ED0FB1899F14F00632144 /* ProjectMonitor */ = {
			isa = PBXNativeTarget;
			buildConfigurationList = 5E3ED13A1899F15000632144 /* Build configuration list for PBXNativeTarget "ProjectMonitor" */;
			buildPhases = (
				611C2540F357466BAF481159 /* Check Pods Manifest.lock */,
				5E3ED0F81899F14F00632144 /* Sources */,
				5E3ED0F91899F14F00632144 /* Frameworks */,
				5E3ED0FA1899F14F00632144 /* Resources */,
				EDC5BCFFC519462DBE578A57 /* Copy Pods Resources */,
			);
			buildRules = (
			);
			dependencies = (
			);
			name = ProjectMonitor;
			productName = ProjectMonitor;
			productReference = 5E3ED0FC1899F14F00632144 /* ProjectMonitor.app */;
			productType = "com.apple.product-type.application";
		};
		5E3ED1271899F15000632144 /* ProjectMonitorTests */ = {
			isa = PBXNativeTarget;
			buildConfigurationList = 5E3ED13D1899F15000632144 /* Build configuration list for PBXNativeTarget "ProjectMonitorTests" */;
			buildPhases = (
				589B1DA26DA14C3082D8A8F3 /* Check Pods Manifest.lock */,
				5E3ED1241899F15000632144 /* Sources */,
				5E3ED1251899F15000632144 /* Frameworks */,
				5E3ED1261899F15000632144 /* Resources */,
				0440083FD1FC4E438BAB4732 /* Copy Pods Resources */,
			);
			buildRules = (
			);
			dependencies = (
				5E3ED12F1899F15000632144 /* PBXTargetDependency */,
			);
			name = ProjectMonitorTests;
			productName = ProjectMonitorTests;
			productReference = 5E3ED1281899F15000632144 /* ProjectMonitorTests.xctest */;
			productType = "com.apple.product-type.bundle.unit-test";
		};
/* End PBXNativeTarget section */

/* Begin PBXProject section */
		5E3ED0F41899F14F00632144 /* Project object */ = {
			isa = PBXProject;
			attributes = {
				LastUpgradeCheck = 0500;
				ORGANIZATIONNAME = "Dimitri Roche";
				TargetAttributes = {
					5E3ED0FB1899F14F00632144 = {
						DevelopmentTeam = 5R23V2RJ26;
						SystemCapabilities = {
							com.apple.InAppPurchase = {
								enabled = 0;
							};
						};
					};
					5E3ED1271899F15000632144 = {
						TestTargetID = 5E3ED0FB1899F14F00632144;
					};
				};
			};
			buildConfigurationList = 5E3ED0F71899F14F00632144 /* Build configuration list for PBXProject "ProjectMonitor" */;
			compatibilityVersion = "Xcode 3.2";
			developmentRegion = English;
			hasScannedForEncodings = 0;
			knownRegions = (
				en,
				Base,
			);
			mainGroup = 5E3ED0F31899F14F00632144;
			productRefGroup = 5E3ED0FD1899F14F00632144 /* Products */;
			projectDirPath = "";
			projectRoot = "";
			targets = (
				5E3ED0FB1899F14F00632144 /* ProjectMonitor */,
				5E3ED1271899F15000632144 /* ProjectMonitorTests */,
			);
		};
/* End PBXProject section */

/* Begin PBXResourcesBuildPhase section */
		5E3ED0FA1899F14F00632144 /* Resources */ = {
			isa = PBXResourcesBuildPhase;
			buildActionMask = 2147483647;
			files = (
				5E79F1E218AA584A005BF986 /* icon-failed-pending.png in Resources */,
				5E3ED1231899F14F00632144 /* Images.xcassets in Resources */,
				5E79F1E718AA584A005BF986 /* icon-undetermined.png in Resources */,
				5E79F1E318AA584A005BF986 /* icon-failed.png in Resources */,
				5E74B55218CCCFDF001CFB60 /* addABuild.png in Resources */,
				5ED0A996189EC75100A56A27 /* Credentials.plist in Resources */,
				5E755F9D18B1299500692F5F /* BuildCell.xib in Resources */,
				5E3ED1151899F14F00632144 /* Main_iPhone.storyboard in Resources */,
				5E79F1CA18AA4FA0005BF986 /* Source.storyboard in Resources */,
				5E79F1E518AA584A005BF986 /* icon-passed.png in Resources */,
				5E79F1E618AA584A005BF986 /* icon-pending.png in Resources */,
				5E74B54E18CCC939001CFB60 /* AddBuildOverlayView.xib in Resources */,
				5E3ED10C1899F14F00632144 /* InfoPlist.strings in Resources */,
				5ED0A998189EC81000A56A27 /* Credentials.example.plist in Resources */,
				5E79F1E418AA584A005BF986 /* icon-passed-pending.png in Resources */,
			);
			runOnlyForDeploymentPostprocessing = 0;
		};
		5E3ED1261899F15000632144 /* Resources */ = {
			isa = PBXResourcesBuildPhase;
			buildActionMask = 2147483647;
			files = (
				5E8D8A6418C81E210053E1DC /* travisRepos.json in Resources */,
				5E3ED1351899F15000632144 /* InfoPlist.strings in Resources */,
			);
			runOnlyForDeploymentPostprocessing = 0;
		};
/* End PBXResourcesBuildPhase section */

/* Begin PBXShellScriptBuildPhase section */
		0440083FD1FC4E438BAB4732 /* Copy Pods Resources */ = {
			isa = PBXShellScriptBuildPhase;
			buildActionMask = 2147483647;
			files = (
			);
			inputPaths = (
			);
			name = "Copy Pods Resources";
			outputPaths = (
			);
			runOnlyForDeploymentPostprocessing = 0;
			shellPath = /bin/sh;
			shellScript = "\"${SRCROOT}/Pods/Pods-ProjectMonitorTests-resources.sh\"\n";
			showEnvVarsInLog = 0;
		};
		589B1DA26DA14C3082D8A8F3 /* Check Pods Manifest.lock */ = {
			isa = PBXShellScriptBuildPhase;
			buildActionMask = 2147483647;
			files = (
			);
			inputPaths = (
			);
			name = "Check Pods Manifest.lock";
			outputPaths = (
			);
			runOnlyForDeploymentPostprocessing = 0;
			shellPath = /bin/sh;
			shellScript = "diff \"${PODS_ROOT}/../Podfile.lock\" \"${PODS_ROOT}/Manifest.lock\" > /dev/null\nif [[ $? != 0 ]] ; then\n    cat << EOM\nerror: The sandbox is not in sync with the Podfile.lock. Run 'pod install' or update your CocoaPods installation.\nEOM\n    exit 1\nfi\n";
			showEnvVarsInLog = 0;
		};
		611C2540F357466BAF481159 /* Check Pods Manifest.lock */ = {
			isa = PBXShellScriptBuildPhase;
			buildActionMask = 2147483647;
			files = (
			);
			inputPaths = (
			);
			name = "Check Pods Manifest.lock";
			outputPaths = (
			);
			runOnlyForDeploymentPostprocessing = 0;
			shellPath = /bin/sh;
			shellScript = "diff \"${PODS_ROOT}/../Podfile.lock\" \"${PODS_ROOT}/Manifest.lock\" > /dev/null\nif [[ $? != 0 ]] ; then\n    cat << EOM\nerror: The sandbox is not in sync with the Podfile.lock. Run 'pod install' or update your CocoaPods installation.\nEOM\n    exit 1\nfi\n";
			showEnvVarsInLog = 0;
		};
		EDC5BCFFC519462DBE578A57 /* Copy Pods Resources */ = {
			isa = PBXShellScriptBuildPhase;
			buildActionMask = 2147483647;
			files = (
			);
			inputPaths = (
			);
			name = "Copy Pods Resources";
			outputPaths = (
			);
			runOnlyForDeploymentPostprocessing = 0;
			shellPath = /bin/sh;
			shellScript = "\"${SRCROOT}/Pods/Pods-ProjectMonitor-resources.sh\"\n";
			showEnvVarsInLog = 0;
		};
/* End PBXShellScriptBuildPhase section */

/* Begin PBXSourcesBuildPhase section */
		5E3ED0F81899F14F00632144 /* Sources */ = {
			isa = PBXSourcesBuildPhase;
			buildActionMask = 2147483647;
			files = (
				5E3ED1211899F14F00632144 /* DetailViewController.m in Sources */,
				5EBF47D018A69E4C00175065 /* ParseUITableViewController.m in Sources */,
				5E8D8A5718C600850053E1DC /* BuildsViewController.m in Sources */,
				5E3ED156189A089E00632144 /* ParseHelper.m in Sources */,
				5E79F1D118AA4FBB005BF986 /* SourceFactory.m in Sources */,
				5E8D8A5D18C752590053E1DC /* PrivateTravisBuildFactory.m in Sources */,
				5E3ED11E1899F14F00632144 /* MasterViewController.m in Sources */,
				5E3ED11B1899F14F00632144 /* ProjectMonitor.xcdatamodeld in Sources */,
				5EBF47E318A6AE7E00175065 /* AddBuildViewController.m in Sources */,
				5E79F1D718AA4FD4005BF986 /* SourceViewController.m in Sources */,
				5E9DD7F018CBA69B0035F2C4 /* BuildCollection.m in Sources */,
				5E8D8A5418C5FDDF0053E1DC /* Helper.m in Sources */,
				5EBF47DD18A6A3A600175065 /* ProjectMonitorSignUpViewController.m in Sources */,
				5E3ED1121899F14F00632144 /* AppDelegate.m in Sources */,
				5E79F1D018AA4FBB005BF986 /* Build.m in Sources */,
				5E8D8A6A18C83C8B0053E1DC /* BuildFactory.m in Sources */,
				5E755FA018B2F5D700692F5F /* BlockAlertViewDelegate.m in Sources */,
				5E3ED10E1899F14F00632144 /* main.m in Sources */,
				5E09522A18BADB9500689FBA /* SemaphoreBuildFactory.m in Sources */,
				5E9DD7ED18CB5CA00035F2C4 /* PublicTravisBuildFactory.m in Sources */,
				5EBF47E018A6A41000175065 /* ProjectMonitorLogInViewController.m in Sources */,
				5E79F1DA18AA5085005BF986 /* BuildCell.m in Sources */,
			);
			runOnlyForDeploymentPostprocessing = 0;
		};
		5E3ED1241899F15000632144 /* Sources */ = {
			isa = PBXSourcesBuildPhase;
			buildActionMask = 2147483647;
			files = (
				5E09522C18BADDB100689FBA /* SemaphoreBuildFactorySpec.m in Sources */,
				5E79F1EB18AD5702005BF986 /* BuildSpec.m in Sources */,
				5E8D8A5F18C81BF30053E1DC /* PrivateTravisBuildFactorySpec.m in Sources */,
				5E8D8A6718C81EE30053E1DC /* TestHelper.m in Sources */,
			);
			runOnlyForDeploymentPostprocessing = 0;
		};
/* End PBXSourcesBuildPhase section */

/* Begin PBXTargetDependency section */
		5E3ED12F1899F15000632144 /* PBXTargetDependency */ = {
			isa = PBXTargetDependency;
			target = 5E3ED0FB1899F14F00632144 /* ProjectMonitor */;
			targetProxy = 5E3ED12E1899F15000632144 /* PBXContainerItemProxy */;
		};
/* End PBXTargetDependency section */

/* Begin PBXVariantGroup section */
		5E3ED10A1899F14F00632144 /* InfoPlist.strings */ = {
			isa = PBXVariantGroup;
			children = (
				5E3ED10B1899F14F00632144 /* en */,
			);
			name = InfoPlist.strings;
			sourceTree = "<group>";
		};
		5E3ED1131899F14F00632144 /* Main_iPhone.storyboard */ = {
			isa = PBXVariantGroup;
			children = (
				5E3ED1141899F14F00632144 /* Base */,
			);
			name = Main_iPhone.storyboard;
			sourceTree = "<group>";
		};
		5E3ED1331899F15000632144 /* InfoPlist.strings */ = {
			isa = PBXVariantGroup;
			children = (
				5E3ED1341899F15000632144 /* en */,
			);
			name = InfoPlist.strings;
			sourceTree = "<group>";
		};
/* End PBXVariantGroup section */

/* Begin XCBuildConfiguration section */
		5E3ED1381899F15000632144 /* Debug */ = {
			isa = XCBuildConfiguration;
			buildSettings = {
				ALWAYS_SEARCH_USER_PATHS = NO;
				ARCHS = "$(ARCHS_STANDARD_INCLUDING_64_BIT)";
				CLANG_CXX_LANGUAGE_STANDARD = "gnu++0x";
				CLANG_CXX_LIBRARY = "libc++";
				CLANG_ENABLE_MODULES = YES;
				CLANG_ENABLE_OBJC_ARC = YES;
				CLANG_WARN_BOOL_CONVERSION = YES;
				CLANG_WARN_CONSTANT_CONVERSION = YES;
				CLANG_WARN_DIRECT_OBJC_ISA_USAGE = YES_ERROR;
				CLANG_WARN_EMPTY_BODY = YES;
				CLANG_WARN_ENUM_CONVERSION = YES;
				CLANG_WARN_INT_CONVERSION = YES;
				CLANG_WARN_OBJC_ROOT_CLASS = YES_ERROR;
				CLANG_WARN__DUPLICATE_METHOD_MATCH = YES;
				CODE_SIGN_IDENTITY = "iPhone Developer: Dimitri Roche (ZW25PS9S44)";
				"CODE_SIGN_IDENTITY[sdk=iphoneos*]" = "iPhone Developer: Dimitri Roche (ZW25PS9S44)";
				COPY_PHASE_STRIP = NO;
				GCC_C_LANGUAGE_STANDARD = gnu99;
				GCC_DYNAMIC_NO_PIC = NO;
				GCC_OPTIMIZATION_LEVEL = 0;
				GCC_PREPROCESSOR_DEFINITIONS = (
					"DEBUG=1",
					"$(inherited)",
				);
				GCC_SYMBOLS_PRIVATE_EXTERN = NO;
				GCC_WARN_64_TO_32_BIT_CONVERSION = YES;
				GCC_WARN_ABOUT_RETURN_TYPE = YES_ERROR;
				GCC_WARN_UNDECLARED_SELECTOR = YES;
				GCC_WARN_UNINITIALIZED_AUTOS = YES;
				GCC_WARN_UNUSED_FUNCTION = YES;
				GCC_WARN_UNUSED_VARIABLE = YES;
				IPHONEOS_DEPLOYMENT_TARGET = 7.0;
				ONLY_ACTIVE_ARCH = YES;
				SDKROOT = iphoneos;
				TARGETED_DEVICE_FAMILY = 1;
			};
			name = Debug;
		};
		5E3ED1391899F15000632144 /* Release */ = {
			isa = XCBuildConfiguration;
			buildSettings = {
				ALWAYS_SEARCH_USER_PATHS = NO;
				ARCHS = "$(ARCHS_STANDARD_INCLUDING_64_BIT)";
				CLANG_CXX_LANGUAGE_STANDARD = "gnu++0x";
				CLANG_CXX_LIBRARY = "libc++";
				CLANG_ENABLE_MODULES = YES;
				CLANG_ENABLE_OBJC_ARC = YES;
				CLANG_WARN_BOOL_CONVERSION = YES;
				CLANG_WARN_CONSTANT_CONVERSION = YES;
				CLANG_WARN_DIRECT_OBJC_ISA_USAGE = YES_ERROR;
				CLANG_WARN_EMPTY_BODY = YES;
				CLANG_WARN_ENUM_CONVERSION = YES;
				CLANG_WARN_INT_CONVERSION = YES;
				CLANG_WARN_OBJC_ROOT_CLASS = YES_ERROR;
				CLANG_WARN__DUPLICATE_METHOD_MATCH = YES;
				CODE_SIGN_IDENTITY = "iPhone Developer: Dimitri Roche (ZW25PS9S44)";
				"CODE_SIGN_IDENTITY[sdk=iphoneos*]" = "iPhone Developer: Dimitri Roche (ZW25PS9S44)";
				COPY_PHASE_STRIP = YES;
				ENABLE_NS_ASSERTIONS = NO;
				GCC_C_LANGUAGE_STANDARD = gnu99;
				GCC_WARN_64_TO_32_BIT_CONVERSION = YES;
				GCC_WARN_ABOUT_RETURN_TYPE = YES_ERROR;
				GCC_WARN_UNDECLARED_SELECTOR = YES;
				GCC_WARN_UNINITIALIZED_AUTOS = YES;
				GCC_WARN_UNUSED_FUNCTION = YES;
				GCC_WARN_UNUSED_VARIABLE = YES;
				IPHONEOS_DEPLOYMENT_TARGET = 7.0;
				ONLY_ACTIVE_ARCH = YES;
				SDKROOT = iphoneos;
				TARGETED_DEVICE_FAMILY = 1;
				VALIDATE_PRODUCT = YES;
			};
			name = Release;
		};
		5E3ED13B1899F15000632144 /* Debug */ = {
			isa = XCBuildConfiguration;
			baseConfigurationReference = 4DC397F864E74853B41B48C1 /* Pods-ProjectMonitor.xcconfig */;
			buildSettings = {
				ASSETCATALOG_COMPILER_APPICON_NAME = AppIcon;
				ASSETCATALOG_COMPILER_LAUNCHIMAGE_NAME = LaunchImage;
				FRAMEWORK_SEARCH_PATHS = (
					"$(inherited)",
					/Users/dimroc/workspace/ios.ProjectMonitor,
				);
				GCC_PRECOMPILE_PREFIX_HEADER = YES;
				GCC_PREFIX_HEADER = "ProjectMonitor/ProjectMonitor-Prefix.pch";
				INFOPLIST_FILE = "ProjectMonitor/ProjectMonitor-Info.plist";
				IPHONEOS_DEPLOYMENT_TARGET = 7.0;
				PRODUCT_NAME = "$(TARGET_NAME)";
				TARGETED_DEVICE_FAMILY = 1;
				WRAPPER_EXTENSION = app;
			};
			name = Debug;
		};
		5E3ED13C1899F15000632144 /* Release */ = {
			isa = XCBuildConfiguration;
			baseConfigurationReference = 4DC397F864E74853B41B48C1 /* Pods-ProjectMonitor.xcconfig */;
			buildSettings = {
				ASSETCATALOG_COMPILER_APPICON_NAME = AppIcon;
				ASSETCATALOG_COMPILER_LAUNCHIMAGE_NAME = LaunchImage;
				FRAMEWORK_SEARCH_PATHS = (
					"$(inherited)",
					/Users/dimroc/workspace/ios.ProjectMonitor,
				);
				GCC_PRECOMPILE_PREFIX_HEADER = YES;
				GCC_PREFIX_HEADER = "ProjectMonitor/ProjectMonitor-Prefix.pch";
				INFOPLIST_FILE = "ProjectMonitor/ProjectMonitor-Info.plist";
				IPHONEOS_DEPLOYMENT_TARGET = 7.0;
				PRODUCT_NAME = "$(TARGET_NAME)";
				TARGETED_DEVICE_FAMILY = 1;
				WRAPPER_EXTENSION = app;
			};
			name = Release;
		};
		5E3ED13E1899F15000632144 /* Debug */ = {
			isa = XCBuildConfiguration;
			baseConfigurationReference = 4DC397F864E74853B41B48C1 /* Pods-ProjectMonitor.xcconfig */;
			buildSettings = {
				ARCHS = "$(ARCHS_STANDARD_INCLUDING_64_BIT)";
				BUNDLE_LOADER = "$(BUILT_PRODUCTS_DIR)/ProjectMonitor.app/ProjectMonitor";
				FRAMEWORK_SEARCH_PATHS = (
					"$(SDKROOT)/Developer/Library/Frameworks",
					"$(inherited)",
					"$(DEVELOPER_FRAMEWORKS_DIR)",
				);
				GCC_PRECOMPILE_PREFIX_HEADER = YES;
				GCC_PREFIX_HEADER = "ProjectMonitor/ProjectMonitor-Prefix.pch";
				GCC_PREPROCESSOR_DEFINITIONS = (
					"DEBUG=1",
					"$(inherited)",
				);
				INFOPLIST_FILE = "ProjectMonitorTests/ProjectMonitorTests-Info.plist";
				PRODUCT_NAME = "$(TARGET_NAME)";
				TEST_HOST = "$(BUNDLE_LOADER)";
				WRAPPER_EXTENSION = xctest;
			};
			name = Debug;
		};
		5E3ED13F1899F15000632144 /* Release */ = {
			isa = XCBuildConfiguration;
			baseConfigurationReference = 4DC397F864E74853B41B48C1 /* Pods-ProjectMonitor.xcconfig */;
			buildSettings = {
				ARCHS = "$(ARCHS_STANDARD_INCLUDING_64_BIT)";
				BUNDLE_LOADER = "$(BUILT_PRODUCTS_DIR)/ProjectMonitor.app/ProjectMonitor";
				FRAMEWORK_SEARCH_PATHS = (
					"$(SDKROOT)/Developer/Library/Frameworks",
					"$(inherited)",
					"$(DEVELOPER_FRAMEWORKS_DIR)",
				);
				GCC_PRECOMPILE_PREFIX_HEADER = YES;
				GCC_PREFIX_HEADER = "ProjectMonitor/ProjectMonitor-Prefix.pch";
				INFOPLIST_FILE = "ProjectMonitorTests/ProjectMonitorTests-Info.plist";
				PRODUCT_NAME = "$(TARGET_NAME)";
				TEST_HOST = "$(BUNDLE_LOADER)";
				WRAPPER_EXTENSION = xctest;
			};
			name = Release;
		};
/* End XCBuildConfiguration section */

/* Begin XCConfigurationList section */
		5E3ED0F71899F14F00632144 /* Build configuration list for PBXProject "ProjectMonitor" */ = {
			isa = XCConfigurationList;
			buildConfigurations = (
				5E3ED1381899F15000632144 /* Debug */,
				5E3ED1391899F15000632144 /* Release */,
			);
			defaultConfigurationIsVisible = 0;
			defaultConfigurationName = Release;
		};
		5E3ED13A1899F15000632144 /* Build configuration list for PBXNativeTarget "ProjectMonitor" */ = {
			isa = XCConfigurationList;
			buildConfigurations = (
				5E3ED13B1899F15000632144 /* Debug */,
				5E3ED13C1899F15000632144 /* Release */,
			);
			defaultConfigurationIsVisible = 0;
			defaultConfigurationName = Release;
		};
		5E3ED13D1899F15000632144 /* Build configuration list for PBXNativeTarget "ProjectMonitorTests" */ = {
			isa = XCConfigurationList;
			buildConfigurations = (
				5E3ED13E1899F15000632144 /* Debug */,
				5E3ED13F1899F15000632144 /* Release */,
			);
			defaultConfigurationIsVisible = 0;
			defaultConfigurationName = Release;
		};
/* End XCConfigurationList section */

/* Begin XCVersionGroup section */
		5E3ED1191899F14F00632144 /* ProjectMonitor.xcdatamodeld */ = {
			isa = XCVersionGroup;
			children = (
				5E3ED11A1899F14F00632144 /* ProjectMonitor.xcdatamodel */,
			);
			currentVersion = 5E3ED11A1899F14F00632144 /* ProjectMonitor.xcdatamodel */;
			path = ProjectMonitor.xcdatamodeld;
			sourceTree = "<group>";
			versionGroupType = wrapper.xcdatamodel;
		};
/* End XCVersionGroup section */
	};
	rootObject = 5E3ED0F41899F14F00632144 /* Project object */;
}
